// !$*UTF8*$!
{
	archiveVersion = 1;
	classes = {
	};
	objectVersion = 50;
	objects = {

/* Begin PBXBuildFile section */
		04D606C0260C3FF400765CBA /* AppDelegate.swift in Sources */ = {isa = PBXBuildFile; fileRef = 04D606BF260C3FF400765CBA /* AppDelegate.swift */; };
		04D606C2260C3FF400765CBA /* SceneDelegate.swift in Sources */ = {isa = PBXBuildFile; fileRef = 04D606C1260C3FF400765CBA /* SceneDelegate.swift */; };
		04D606C4260C3FF400765CBA /* ViewController.swift in Sources */ = {isa = PBXBuildFile; fileRef = 04D606C3260C3FF400765CBA /* ViewController.swift */; };
		04D606C7260C3FF400765CBA /* Main.storyboard in Resources */ = {isa = PBXBuildFile; fileRef = 04D606C5260C3FF400765CBA /* Main.storyboard */; };
		04D606C9260C3FF800765CBA /* Assets.xcassets in Resources */ = {isa = PBXBuildFile; fileRef = 04D606C8260C3FF800765CBA /* Assets.xcassets */; };
		04D606CC260C3FF800765CBA /* LaunchScreen.storyboard in Resources */ = {isa = PBXBuildFile; fileRef = 04D606CA260C3FF800765CBA /* LaunchScreen.storyboard */; };
		04D606DD260C46D700765CBA /* ShadowView.swift in Sources */ = {isa = PBXBuildFile; fileRef = 04D606DC260C46D600765CBA /* ShadowView.swift */; };
/* End PBXBuildFile section */

/* Begin PBXFileReference section */
		04D606BC260C3FF400765CBA /* shadowView.app */ = {isa = PBXFileReference; explicitFileType = wrapper.application; includeInIndex = 0; path = shadowView.app; sourceTree = BUILT_PRODUCTS_DIR; };
		04D606BF260C3FF400765CBA /* AppDelegate.swift */ = {isa = PBXFileReference; lastKnownFileType = sourcecode.swift; path = AppDelegate.swift; sourceTree = "<group>"; };
		04D606C1260C3FF400765CBA /* SceneDelegate.swift */ = {isa = PBXFileReference; lastKnownFileType = sourcecode.swift; path = SceneDelegate.swift; sourceTree = "<group>"; };
		04D606C3260C3FF400765CBA /* ViewController.swift */ = {isa = PBXFileReference; lastKnownFileType = sourcecode.swift; path = ViewController.swift; sourceTree = "<group>"; };
		04D606C6260C3FF400765CBA /* Base */ = {isa = PBXFileReference; lastKnownFileType = file.storyboard; name = Base; path = Base.lproj/Main.storyboard; sourceTree = "<group>"; };
		04D606C8260C3FF800765CBA /* Assets.xcassets */ = {isa = PBXFileReference; lastKnownFileType = folder.assetcatalog; path = Assets.xcassets; sourceTree = "<group>"; };
		04D606CB260C3FF800765CBA /* Base */ = {isa = PBXFileReference; lastKnownFileType = file.storyboard; name = Base; path = Base.lproj/LaunchScreen.storyboard; sourceTree = "<group>"; };
		04D606CD260C3FF800765CBA /* Info.plist */ = {isa = PBXFileReference; lastKnownFileType = text.plist.xml; path = Info.plist; sourceTree = "<group>"; };
		04D606DC260C46D600765CBA /* ShadowView.swift */ = {isa = PBXFileReference; fileEncoding = 4; lastKnownFileType = sourcecode.swift; name = ShadowView.swift; path = ../../../../Downloads/ShadowView.swift; sourceTree = "<group>"; };
/* End PBXFileReference section */

/* Begin PBXFrameworksBuildPhase section */
		04D606B9260C3FF400765CBA /* Frameworks */ = {
			isa = PBXFrameworksBuildPhase;
			buildActionMask = 2147483647;
			files = (
			);
			runOnlyForDeploymentPostprocessing = 0;
		};
/* End PBXFrameworksBuildPhase section */

/* Begin PBXGroup section */
		04D606B3260C3FF400765CBA = {
			isa = PBXGroup;
			children = (
				04D606BE260C3FF400765CBA /* shadowView */,
				04D606BD260C3FF400765CBA /* Products */,
			);
			sourceTree = "<group>";
		};
		04D606BD260C3FF400765CBA /* Products */ = {
			isa = PBXGroup;
			children = (
				04D606BC260C3FF400765CBA /* shadowView.app */,
			);
			name = Products;
			sourceTree = "<group>";
		};
		04D606BE260C3FF400765CBA /* shadowView */ = {
			isa = PBXGroup;
			children = (
				04D606BF260C3FF400765CBA /* AppDelegate.swift */,
				04D606C1260C3FF400765CBA /* SceneDelegate.swift */,
				04D606C3260C3FF400765CBA /* ViewController.swift */,
				04D606DC260C46D600765CBA /* ShadowView.swift */,
				04D606C5260C3FF400765CBA /* Main.storyboard */,
				04D606C8260C3FF800765CBA /* Assets.xcassets */,
				04D606CA260C3FF800765CBA /* LaunchScreen.storyboard */,
				04D606CD260C3FF800765CBA /* Info.plist */,
			);
			path = shadowView;
			sourceTree = "<group>";
		};
/* End PBXGroup section */

/* Begin PBXNativeTarget section */
		04D606BB260C3FF400765CBA /* shadowView */ = {
			isa = PBXNativeTarget;
			buildConfigurationList = 04D606D0260C3FF800765CBA /* Build configuration list for PBXNativeTarget "shadowView" */;
			buildPhases = (
				04D606B8260C3FF400765CBA /* Sources */,
				04D606B9260C3FF400765CBA /* Frameworks */,
				04D606BA260C3FF400765CBA /* Resources */,
			);
			buildRules = (
			);
			dependencies = (
			);
			name = shadowView;
			productName = shadowView;
			productReference = 04D606BC260C3FF400765CBA /* shadowView.app */;
			productType = "com.apple.product-type.application";
		};
/* End PBXNativeTarget section */

/* Begin PBXProject section */
		04D606B4260C3FF400765CBA /* Project object */ = {
			isa = PBXProject;
			attributes = {
				LastSwiftUpdateCheck = 1240;
				LastUpgradeCheck = 1240;
				TargetAttributes = {
					04D606BB260C3FF400765CBA = {
						CreatedOnToolsVersion = 12.4;
					};
				};
			};
			buildConfigurationList = 04D606B7260C3FF400765CBA /* Build configuration list for PBXProject "shadowView" */;
			compatibilityVersion = "Xcode 9.3";
			developmentRegion = en;
			hasScannedForEncodings = 0;
			knownRegions = (
				en,
				Base,
			);
			mainGroup = 04D606B3260C3FF400765CBA;
			productRefGroup = 04D606BD260C3FF400765CBA /* Products */;
			projectDirPath = "";
			projectRoot = "";
			targets = (
				04D606BB260C3FF400765CBA /* shadowView */,
			);
		};
/* End PBXProject section */

/* Begin PBXResourcesBuildPhase section */
		04D606BA260C3FF400765CBA /* Resources */ = {
			isa = PBXResourcesBuildPhase;
			buildActionMask = 2147483647;
			files = (
				04D606CC260C3FF800765CBA /* LaunchScreen.storyboard in Resources */,
				04D606C9260C3FF800765CBA /* Assets.xcassets in Resources */,
				04D606C7260C3FF400765CBA /* Main.storyboard in Resources */,
			);
			runOnlyForDeploymentPostprocessing = 0;
		};
/* End PBXResourcesBuildPhase section */

/* Begin PBXSourcesBuildPhase section */
		04D606B8260C3FF400765CBA /* Sources */ = {
			isa = PBXSourcesBuildPhase;
			buildActionMask = 2147483647;
			files = (
				04D606DD260C46D700765CBA /* ShadowView.swift in Sources */,
				04D606C4260C3FF400765CBA /* ViewController.swift in Sources */,
				04D606C0260C3FF400765CBA /* AppDelegate.swift in Sources */,
				04D606C2260C3FF400765CBA /* SceneDelegate.swift in Sources */,
			);
			runOnlyForDeploymentPostprocessing = 0;
		};
/* End PBXSourcesBuildPhase section */

/* Begin PBXVariantGroup section */
		04D606C5260C3FF400765CBA /* Main.storyboard */ = {
			isa = PBXVariantGroup;
			children = (
				04D606C6260C3FF400765CBA /* Base */,
			);
			name = Main.storyboard;
			sourceTree = "<group>";
		};
		04D606CA260C3FF800765CBA /* LaunchScreen.storyboard */ = {
			isa = PBXVariantGroup;
			children = (
				04D606CB260C3FF800765CBA /* Base */,
			);
			name = LaunchScreen.storyboard;
			sourceTree = "<group>";
		};
/* End PBXVariantGroup section */

/* Begin XCBuildConfiguration section */
		04D606CE260C3FF800765CBA /* Debug */ = {
			isa = XCBuildConfiguration;
			buildSettings = {
				ALWAYS_SEARCH_USER_PATHS = NO;
				CLANG_ANALYZER_NONNULL = YES;
				CLANG_ANALYZER_NUMBER_OBJECT_CONVERSION = YES_AGGRESSIVE;
				CLANG_CXX_LANGUAGE_STANDARD = "gnu++14";
				CLANG_CXX_LIBRARY = "libc++";
				CLANG_ENABLE_MODULES = YES;
				CLANG_ENABLE_OBJC_ARC = YES;
				CLANG_ENABLE_OBJC_WEAK = YES;
				CLANG_WARN_BLOCK_CAPTURE_AUTORELEASING = YES;
				CLANG_WARN_BOOL_CONVERSION = YES;
				CLANG_WARN_COMMA = YES;
				CLANG_WARN_CONSTANT_CONVERSION = YES;
				CLANG_WARN_DEPRECATED_OBJC_IMPLEMENTATIONS = YES;
				CLANG_WARN_DIRECT_OBJC_ISA_USAGE = YES_ERROR;
				CLANG_WARN_DOCUMENTATION_COMMENTS = YES;
				CLANG_WARN_EMPTY_BODY = YES;
				CLANG_WARN_ENUM_CONVERSION = YES;
				CLANG_WARN_INFINITE_RECURSION = YES;
				CLANG_WARN_INT_CONVERSION = YES;
				CLANG_WARN_NON_LITERAL_NULL_CONVERSION = YES;
				CLANG_WARN_OBJC_IMPLICIT_RETAIN_SELF = YES;
				CLANG_WARN_OBJC_LITERAL_CONVERSION = YES;
				CLANG_WARN_OBJC_ROOT_CLASS = YES_ERROR;
				CLANG_WARN_QUOTED_INCLUDE_IN_FRAMEWORK_HEADER = YES;
				CLANG_WARN_RANGE_LOOP_ANALYSIS = YES;
				CLANG_WARN_STRICT_PROTOTYPES = YES;
				CLANG_WARN_SUSPICIOUS_MOVE = YES;
				CLANG_WARN_UNGUARDED_AVAILABILITY = YES_AGGRESSIVE;
				CLANG_WARN_UNREACHABLE_CODE = YES;
				CLANG_WARN__DUPLICATE_METHOD_MATCH = YES;
				COPY_PHASE_STRIP = NO;
				DEBUG_INFORMATION_FORMAT = dwarf;
				ENABLE_STRICT_OBJC_MSGSEND = YES;
				ENABLE_TESTABILITY = YES;
				GCC_C_LANGUAGE_STANDARD = gnu11;
				GCC_DYNAMIC_NO_PIC = NO;
				GCC_NO_COMMON_BLOCKS = YES;
				GCC_OPTIMIZATION_LEVEL = 0;
				GCC_PREPROCESSOR_DEFINITIONS = (
					"DEBUG=1",
					"$(inherited)",
				);
				GCC_WARN_64_TO_32_BIT_CONVERSION = YES;
				GCC_WARN_ABOUT_RETURN_TYPE = YES_ERROR;
				GCC_WARN_UNDECLARED_SELECTOR = YES;
				GCC_WARN_UNINITIALIZED_AUTOS = YES_AGGRESSIVE;
				GCC_WARN_UNUSED_FUNCTION = YES;
				GCC_WARN_UNUSED_VARIABLE = YES;
				IPHONEOS_DEPLOYMENT_TARGET = 14.4;
				MTL_ENABLE_DEBUG_INFO = INCLUDE_SOURCE;
				MTL_FAST_MATH = YES;
				ONLY_ACTIVE_ARCH = YES;
				SDKROOT = iphoneos;
				SWIFT_ACTIVE_COMPILATION_CONDITIONS = DEBUG;
				SWIFT_OPTIMIZATION_LEVEL = "-Onone";
			};
			name = Debug;
		};
		04D606CF260C3FF800765CBA /* Release */ = {
			isa = XCBuildConfiguration;
			buildSettings = {
				ALWAYS_SEARCH_USER_PATHS = NO;
				CLANG_ANALYZER_NONNULL = YES;
				CLANG_ANALYZER_NUMBER_OBJECT_CONVERSION = YES_AGGRESSIVE;
				CLANG_CXX_LANGUAGE_STANDARD = "gnu++14";
				CLANG_CXX_LIBRARY = "libc++";
				CLANG_ENABLE_MODULES = YES;
				CLANG_ENABLE_OBJC_ARC = YES;
				CLANG_ENABLE_OBJC_WEAK = YES;
				CLANG_WARN_BLOCK_CAPTURE_AUTORELEASING = YES;
				CLANG_WARN_BOOL_CONVERSION = YES;
				CLANG_WARN_COMMA = YES;
				CLANG_WARN_CONSTANT_CONVERSION = YES;
				CLANG_WARN_DEPRECATED_OBJC_IMPLEMENTATIONS = YES;
				CLANG_WARN_DIRECT_OBJC_ISA_USAGE = YES_ERROR;
				CLANG_WARN_DOCUMENTATION_COMMENTS = YES;
				CLANG_WARN_EMPTY_BODY = YES;
				CLANG_WARN_ENUM_CONVERSION = YES;
				CLANG_WARN_INFINITE_RECURSION = YES;
				CLANG_WARN_INT_CONVERSION = YES;
				CLANG_WARN_NON_LITERAL_NULL_CONVERSION = YES;
				CLANG_WARN_OBJC_IMPLICIT_RETAIN_SELF = YES;
				CLANG_WARN_OBJC_LITERAL_CONVERSION = YES;
				CLANG_WARN_OBJC_ROOT_CLASS = YES_ERROR;
				CLANG_WARN_QUOTED_INCLUDE_IN_FRAMEWORK_HEADER = YES;
				CLANG_WARN_RANGE_LOOP_ANALYSIS = YES;
				CLANG_WARN_STRICT_PROTOTYPES = YES;
				CLANG_WARN_SUSPICIOUS_MOVE = YES;
				CLANG_WARN_UNGUARDED_AVAILABILITY = YES_AGGRESSIVE;
				CLANG_WARN_UNREACHABLE_CODE = YES;
				CLANG_WARN__DUPLICATE_METHOD_MATCH = YES;
				COPY_PHASE_STRIP = NO;
				DEBUG_INFORMATION_FORMAT = "dwarf-with-dsym";
				ENABLE_NS_ASSERTIONS = NO;
				ENABLE_STRICT_OBJC_MSGSEND = YES;
				GCC_C_LANGUAGE_STANDARD = gnu11;
				GCC_NO_COMMON_BLOCKS = YES;
				GCC_WARN_64_TO_32_BIT_CONVERSION = YES;
				GCC_WARN_ABOUT_RETURN_TYPE = YES_ERROR;
				GCC_WARN_UNDECLARED_SELECTOR = YES;
				GCC_WARN_UNINITIALIZED_AUTOS = YES_AGGRESSIVE;
				GCC_WARN_UNUSED_FUNCTION = YES;
				GCC_WARN_UNUSED_VARIABLE = YES;
				IPHONEOS_DEPLOYMENT_TARGET = 14.4;
				MTL_ENABLE_DEBUG_INFO = NO;
				MTL_FAST_MATH = YES;
				SDKROOT = iphoneos;
				SWIFT_COMPILATION_MODE = wholemodule;
				SWIFT_OPTIMIZATION_LEVEL = "-O";
				VALIDATE_PRODUCT = YES;
			};
			name = Release;
		};
		04D606D1260C3FF800765CBA /* Debug */ = {
			isa = XCBuildConfiguration;
			buildSettings = {
				ASSETCATALOG_COMPILER_APPICON_NAME = AppIcon;
				ASSETCATALOG_COMPILER_GLOBAL_ACCENT_COLOR_NAME = AccentColor;
				CODE_SIGN_STYLE = Automatic;
				DEVELOPMENT_TEAM = 464SHFHKT7;
				INFOPLIST_FILE = shadowView/Info.plist;
				LD_RUNPATH_SEARCH_PATHS = (
					"$(inherited)",
					"@executable_path/Frameworks",
				);
				PRODUCT_BUNDLE_IDENTIFIER = Meet.shadowView;
				PRODUCT_NAME = "$(TARGET_NAME)";
				SWIFT_VERSION = 5.0;
				TARGETED_DEVICE_FAMILY = "1,2";
			};
			name = Debug;
		};
		04D606D2260C3FF800765CBA /* Release */ = {
			isa = XCBuildConfiguration;
			buildSettings = {
				ASSETCATALOG_COMPILER_APPICON_NAME = AppIcon;
				ASSETCATALOG_COMPILER_GLOBAL_ACCENT_COLOR_NAME = AccentColor;
				CODE_SIGN_STYLE = Automatic;
				DEVELOPMENT_TEAM = 464SHFHKT7;
				INFOPLIST_FILE = shadowView/Info.plist;
				LD_RUNPATH_SEARCH_PATHS = (
					"$(inherited)",
					"@executable_path/Frameworks",
				);
				PRODUCT_BUNDLE_IDENTIFIER = Meet.shadowView;
				PRODUCT_NAME = "$(TARGET_NAME)";
				SWIFT_VERSION = 5.0;
				TARGETED_DEVICE_FAMILY = "1,2";
			};
			name = Release;
		};
/* End XCBuildConfiguration section */

/* Begin XCConfigurationList section */
		04D606B7260C3FF400765CBA /* Build configuration list for PBXProject "shadowView" */ = {
			isa = XCConfigurationList;
			buildConfigurations = (
				04D606CE260C3FF800765CBA /* Debug */,
				04D606CF260C3FF800765CBA /* Release */,
			);
			defaultConfigurationIsVisible = 0;
			defaultConfigurationName = Release;
		};
		04D606D0260C3FF800765CBA /* Build configuration list for PBXNativeTarget "shadowView" */ = {
			isa = XCConfigurationList;
			buildConfigurations = (
				04D606D1260C3FF800765CBA /* Debug */,
				04D606D2260C3FF800765CBA /* Release */,
			);
			defaultConfigurationIsVisible = 0;
			defaultConfigurationName = Release;
		};
/* End XCConfigurationList section */
	};
	rootObject = 04D606B4260C3FF400765CBA /* Project object */;
}
